
Microsoft Visual Studio Solution File, Format Version 12.00
# Visual Studio 2013
VisualStudioVersion = 12.0.31101.0
MinimumVisualStudioVersion = 10.0.40219.1
Project("{FAE04EC0-301F-11D3-BF4B-00C04F79EFBC}") = "Fragespiel", "Fragespiel\Fragespiel.csproj", "{7ACE35F0-DD2F-4BBC-8237-BBCC6C4C8C86}"
EndProject
Global
	GlobalSection(SolutionConfigurationPlatforms) = preSolution
		Debug|Any CPU = Debug|Any CPU
		Release|Any CPU = Release|Any CPU
	EndGlobalSection
	GlobalSection(ProjectConfigurationPlatforms) = postSolution
		{7ACE35F0-DD2F-4BBC-8237-BBCC6C4C8C86}.Debug|Any CPU.ActiveCfg = Debug|Any CPU
		{7ACE35F0-DD2F-4BBC-8237-BBCC6C4C8C86}.Debug|Any CPU.Build.0 = Debug|Any CPU
		{7ACE35F0-DD2F-4BBC-8237-BBCC6C4C8C86}.Release|Any CPU.ActiveCfg = Release|Any CPU
		{7ACE35F0-DD2F-4BBC-8237-BBCC6C4C8C86}.Release|Any CPU.Build.0 = Release|Any CPU
	EndGlobalSection
	GlobalSection(SolutionProperties) = preSolution
		HideSolutionNode = FALSE
	EndGlobalSection
EndGlobal
